{
  "version": "3",
  "redirects": {
    "https://deno.land/x/rad/src/mod.ts": "https://deno.land/x/rad@v6.11.0/src/mod.ts"
  },
  "remote": {
    "https://deno.land/std@0.108.0/_util/assert.ts": "2f868145a042a11d5ad0a3c748dcf580add8a0dbc0e876eaa0026303a5488f58",
    "https://deno.land/std@0.108.0/_util/os.ts": "dfb186cc4e968c770ab6cc3288bd65f4871be03b93beecae57d657232ecffcac",
    "https://deno.land/std@0.108.0/bytes/bytes_list.ts": "3bff6a09c72b2e0b1e92e29bd3b135053894196cca07a2bba842901073efe5cb",
    "https://deno.land/std@0.108.0/bytes/mod.ts": "440684e07e8f57a19a43b34d57eb63af0b36fc92b6657b6dcdbf9d5612d62e29",
    "https://deno.land/std@0.108.0/flags/mod.ts": "5bd80147c97e481efcc4c041096c6c1a1393248e2849ccd571269d62c2634cbe",
    "https://deno.land/std@0.108.0/fmt/colors.ts": "8368ddf2d48dfe413ffd04cdbb7ae6a1009cf0dccc9c7ff1d76259d9c61a0621",
    "https://deno.land/std@0.108.0/fs/_util.ts": "f2ce811350236ea8c28450ed822a5f42a0892316515b1cd61321dec13569c56b",
    "https://deno.land/std@0.108.0/fs/copy.ts": "631bbafbfe6cba282158abc8aeb7e8251cc69a7ec28ce12878ea1b75fec2add4",
    "https://deno.land/std@0.108.0/fs/empty_dir.ts": "5f08b263dd064dc7917c4bbeb13de0f5505a664b9cdfe312fa86e7518cfaeb84",
    "https://deno.land/std@0.108.0/fs/ensure_dir.ts": "b7c103dc41a3d1dbbb522bf183c519c37065fdc234831a4a0f7d671b1ed5fea7",
    "https://deno.land/std@0.108.0/fs/ensure_file.ts": "c06031af24368e80c330897e4b8e9109efc8602ffabc8f3e2306be07529e1d13",
    "https://deno.land/std@0.108.0/fs/ensure_link.ts": "26e54363508b822afd87a3f6e873bbbcd6b5993dd638f8170758c16262a75065",
    "https://deno.land/std@0.108.0/fs/ensure_symlink.ts": "c07b6d19ef58b6f5c671ffa942e7f9be50315f4f78e2f9f511626fd2e13beccc",
    "https://deno.land/std@0.108.0/fs/eol.ts": "afaebaaac36f48c423b920c836551997715672b80a0fee9aa7667c181a94f2df",
    "https://deno.land/std@0.108.0/fs/exists.ts": "b0d2e31654819cc2a8d37df45d6b14686c0cc1d802e9ff09e902a63e98b85a00",
    "https://deno.land/std@0.108.0/fs/expand_glob.ts": "756e8f9a06cd25e05f62b2941657f6f3fc73563bf77f14edaa472eaf9949910e",
    "https://deno.land/std@0.108.0/fs/mod.ts": "26eee4b52a8c516e37d464094b080ff6822883e7f01ff0ba0a72b8dcd54b9927",
    "https://deno.land/std@0.108.0/fs/move.ts": "4623058e39bbbeb3ad30aeff9c974c55d2d574ad7c480295c12b04c244686a99",
    "https://deno.land/std@0.108.0/fs/walk.ts": "f633829f967d2979ab285dbfb09eb0d7d000fd175b95156b63fcede435d1a807",
    "https://deno.land/std@0.108.0/io/buffer.ts": "3ead6bb11276ebcf093c403f74f67fd2205a515dbbb9061862c468ca56f37cd8",
    "https://deno.land/std@0.108.0/io/bufio.ts": "988237679157f1331a1e81afeac42f8364ab8dc583380d67db7e4cbad3e22e81",
    "https://deno.land/std@0.108.0/io/util.ts": "85c33d61b20fd706acc094fe80d4c8ae618b04abcf3a96ca2b47071842c1c8ac",
    "https://deno.land/std@0.108.0/log/handlers.ts": "cc4db62729e10a350a9b096adc8df60f4f16708c626a382502f8be1e2e230039",
    "https://deno.land/std@0.108.0/log/levels.ts": "088a883039ece5fa0da5f74bc7688654045ea7cb01bf200b438191a28d728eae",
    "https://deno.land/std@0.108.0/log/logger.ts": "6b2dd8cbe6f407100b9becfe61595d7681f8ce3692412fad843de84d617a038e",
    "https://deno.land/std@0.108.0/log/mod.ts": "9393719dafdb360620ea9222c0ce0db35a0ebb0d49ea6d5c30406f332d2be334",
    "https://deno.land/std@0.108.0/path/_constants.ts": "1247fee4a79b70c89f23499691ef169b41b6ccf01887a0abd131009c5581b853",
    "https://deno.land/std@0.108.0/path/_interface.ts": "1fa73b02aaa24867e481a48492b44f2598cd9dfa513c7b34001437007d3642e4",
    "https://deno.land/std@0.108.0/path/_util.ts": "2e06a3b9e79beaf62687196bd4b60a4c391d862cfa007a20fc3a39f778ba073b",
    "https://deno.land/std@0.108.0/path/common.ts": "f41a38a0719a1e85aa11c6ba3bea5e37c15dd009d705bd8873f94c833568cbc4",
    "https://deno.land/std@0.108.0/path/glob.ts": "46708a3249cb5dc4a116cae3055114d6339bd5f0c1f412db6a4e0cb44c828a7d",
    "https://deno.land/std@0.108.0/path/mod.ts": "4465dc494f271b02569edbb4a18d727063b5dbd6ed84283ff906260970a15d12",
    "https://deno.land/std@0.108.0/path/posix.ts": "34349174b9cd121625a2810837a82dd8b986bbaaad5ade690d1de75bbb4555b2",
    "https://deno.land/std@0.108.0/path/separator.ts": "8fdcf289b1b76fd726a508f57d3370ca029ae6976fcde5044007f062e643ff1c",
    "https://deno.land/std@0.108.0/path/win32.ts": "2edb2f71f10578ee1168de01a8cbd3c65483e45a46bc2fa3156a0c6bfbd2720d",
    "https://deno.land/std@0.108.0/testing/_diff.ts": "ccd6c3af6e44c74bf1591acb1361995f5f50df64323a6e7fb3f16c8ea792c940",
    "https://deno.land/std@0.108.0/testing/asserts.ts": "6b0d6ba564bdff807bd0f0e93e02c48aa3177acf19416bf84a7f420191ef74cd",
    "https://deno.land/x/date_fns@v2.15.0/_lib/addLeadingZeros/index.js": "2678175ae21bc13620cba3b46d0d82ce79569989e8a250893a0509091b8ec670",
    "https://deno.land/x/date_fns@v2.15.0/_lib/format/formatters/index.js": "38686fe8521f5e1a82849be022fbbc2194313d961508e6496be5a9ba3b5c46fc",
    "https://deno.land/x/date_fns@v2.15.0/_lib/format/lightFormatters/index.js": "983da47ca7bee20bf418634ab4855e25a7bf7476b50f52145f02e0159126fc2e",
    "https://deno.land/x/date_fns@v2.15.0/_lib/format/longFormatters/index.js": "ae386e1701ed0a6a5e3bd4bc831e2e5902ec44099415771dae519c51abcbda58",
    "https://deno.land/x/date_fns@v2.15.0/_lib/getTimezoneOffsetInMilliseconds/index.js": "e41d3ec801898b3becca059a43ed5a29c77c8be488e4cb5358a791cba1e4a5f8",
    "https://deno.land/x/date_fns@v2.15.0/_lib/getUTCDayOfYear/index.js": "2e05569370f8362fa62c6c800eb78afde0a335e2eb41fc63de9c4466f1e7d74c",
    "https://deno.land/x/date_fns@v2.15.0/_lib/getUTCISOWeek/index.js": "3cc09c4cf171e352454ce95041ce7211d61ccb2153fb58c26f5603252ce00652",
    "https://deno.land/x/date_fns@v2.15.0/_lib/getUTCISOWeekYear/index.js": "7fec210bcee683f0d80d7925b08d1943bdcf7abfdf7a7db17b4fb55da57b0817",
    "https://deno.land/x/date_fns@v2.15.0/_lib/getUTCWeek/index.js": "2efc2298d8e495a35e409cfb2ee7323de471e1ddfca1bc7c2a69452c5d4dabe7",
    "https://deno.land/x/date_fns@v2.15.0/_lib/getUTCWeekYear/index.js": "6291c378532f46cf1ab8977a1ad62cb0650da4ae538015ecdaaa6da817b9044d",
    "https://deno.land/x/date_fns@v2.15.0/_lib/protectedTokens/index.js": "b804f2b7c20ef23de158e307915b187a0e9a2eaf28c73747f9250cb4d530f923",
    "https://deno.land/x/date_fns@v2.15.0/_lib/requiredArgs/index.js": "44c517b5d588afb38b4474d924d6fdd4657032b68fde4129dc633daa06f9e762",
    "https://deno.land/x/date_fns@v2.15.0/_lib/startOfUTCISOWeek/index.js": "fbf0d8186f6840f9ea5927349f9a7a2ff0f96550f047271c103529bc540fe960",
    "https://deno.land/x/date_fns@v2.15.0/_lib/startOfUTCISOWeekYear/index.js": "c4b9466408c0c407d022f6793cf03dac4548dbb46655646cae2f8a1683157af9",
    "https://deno.land/x/date_fns@v2.15.0/_lib/startOfUTCWeek/index.js": "b33bd391fa0e24817d09c65f4595877cfcd6d851cd2cb084105db6d82740b6b6",
    "https://deno.land/x/date_fns@v2.15.0/_lib/startOfUTCWeekYear/index.js": "d5cad41db1a08ff2557dbaa7cc1a4a15af6be80fbc71dd20e2be360fc84ff2b0",
    "https://deno.land/x/date_fns@v2.15.0/_lib/toInteger/index.js": "901c26d00ba9db574e25ad31dedfad87aad17a47771a5f9bb2ff5589b3fcb8d2",
    "https://deno.land/x/date_fns@v2.15.0/addMilliseconds/index.js": "b6881fc60fd8b6e4a622d62e3411c9ac37032e653f94800b9e0b689b2fefa4ba",
    "https://deno.land/x/date_fns@v2.15.0/format/index.js": "ff4e614d8dd66b854067ee96209a6ded073d85e00021093e24f66220c2ec8640",
    "https://deno.land/x/date_fns@v2.15.0/isValid/index.js": "af20dcc26a8828875f2a0a98537ba978abc43a4648acbc9321f3d5588c4dbee1",
    "https://deno.land/x/date_fns@v2.15.0/locale/_lib/buildFormatLongFn/index.js": "2ea8f11006f8f48ac65ded35a5dd8ac837f2aad1d73f482730a9bf0491c6e4f1",
    "https://deno.land/x/date_fns@v2.15.0/locale/_lib/buildLocalizeFn/index.js": "0a7e6ce85d2c3046007a2fb08cb9fb45e9300da522d9cad66cc8ad4fb75d1205",
    "https://deno.land/x/date_fns@v2.15.0/locale/_lib/buildMatchFn/index.js": "bc722f6415ecceadac57d4e80125e7b4f496166b8fee1351a1abad9e895bddcc",
    "https://deno.land/x/date_fns@v2.15.0/locale/_lib/buildMatchPatternFn/index.js": "1291177be2caba2db8692a054e47dc17e0cd43250b2a1da57c30d3d4d72c4cc8",
    "https://deno.land/x/date_fns@v2.15.0/locale/en-US/_lib/formatDistance/index.js": "09d3fbdd422d8019ab813e299ae5d14ac258ef897498267556e13dbad41ea561",
    "https://deno.land/x/date_fns@v2.15.0/locale/en-US/_lib/formatLong/index.js": "52fb74d1bc611b8f3ccd87988fc024cf3e9159faf7628603da71cb7bc756bc13",
    "https://deno.land/x/date_fns@v2.15.0/locale/en-US/_lib/formatRelative/index.js": "31d02ce6bbf4d7ebd2abb2fcbb8a6204759a1f142353e8500317371730b1db0b",
    "https://deno.land/x/date_fns@v2.15.0/locale/en-US/_lib/localize/index.js": "623f4a38b01dcdca56d1dfce7aa886b67560902f8b4fcb0e5d57f896fe438b0b",
    "https://deno.land/x/date_fns@v2.15.0/locale/en-US/_lib/match/index.js": "6b89f7ec4d1c87ddcd15702ef30789fb1624d6616bdaed303d522654f2f4c602",
    "https://deno.land/x/date_fns@v2.15.0/locale/en-US/index.js": "0f8be92f548a2141d7d75d7d538576ef1b0fc528d31f5916bf2105b57bb8b554",
    "https://deno.land/x/date_fns@v2.15.0/subMilliseconds/index.js": "6b72e0b48f92e5a52afffe9a474104eba5c8019e634c1bb869a1ea3bd9abf1a2",
    "https://deno.land/x/date_fns@v2.15.0/toDate/index.js": "aaf7583048e0187f55bea79882b27486b149a3e295fc0d115d7e2142e8a7cf78",
    "https://deno.land/x/rad@v6.11.0/src/3p/date-fns.ts": "d5f9914464bf8062581bbd62ffd436d8194d0ff3df3159356e019825f5dcc164",
    "https://deno.land/x/rad@v6.11.0/src/3p/std.ts": "189e6c64976500c28fbaf902221dd767164b0395d70df59f395a672b50c9c5c3",
    "https://deno.land/x/rad@v6.11.0/src/3p/treeify.js": "263ecb2448f0476521558060fcce6836105583541a330e7cbf9e6b8540fe9f24",
    "https://deno.land/x/rad@v6.11.0/src/Radness.ts": "4ea8c4ec4641baa10d9ebea0e8715e312b4a9d09a7fe7f6090ae14e2803c9dcc",
    "https://deno.land/x/rad@v6.11.0/src/Task.ts": "9efe56e33d99f7d53ee8e601b7cf3aec8eada51406b8478bd3e280e28ed18b51",
    "https://deno.land/x/rad@v6.11.0/src/TaskGraph.ts": "64215b44fea8eadbd29ef9b0d79218d59c105bfa5e15ffe57784bf8aee4efd54",
    "https://deno.land/x/rad@v6.11.0/src/errors.ts": "9ce0b97a0def2391d0fea4e0d423840c3e75e1f21126a24851e095e2b27e0071",
    "https://deno.land/x/rad@v6.11.0/src/logger.ts": "0203b0a7fea876f0e91ace15b3432f2bc93141d299edde5b83a7698110aa997d",
    "https://deno.land/x/rad@v6.11.0/src/mod.ts": "627c526cf27deb14205f1df5f110b8b1d9e0a7f6d1c6506401da179ea115a69a",
    "https://deno.land/x/rad@v6.11.0/src/util/fs.ts": "862ee66cfe3d7070da92f785bb04b318d5d262f0a599001258385c571327d597",
    "https://deno.land/x/rad@v6.11.0/src/util/glob.ts": "54a38f0036cf6b47be0716983345309db2612e31b0f2458503e63409e8387387",
    "https://deno.land/x/rad@v6.11.0/src/util/iterable.ts": "66b8233acebc46ca85cc8e53cba708e0fe3d4b56419fdfc7d6092575c7a3b5c7",
    "https://deno.land/x/rad@v6.11.0/src/util/reroot.ts": "525d076831a49ffcde7d2d3e3a1f862641e654143017c8a9721656e1f8106d4f",
    "https://deno.land/x/rad@v6.11.0/src/util/sh.ts": "fed49dbe0cd287c1d4d79154891b90e1ade7133730c2f1e4d047ace06ea9f7c5",
    "https://deno.land/x/rad@v6.11.0/src/util/timer.ts": "c4178ebc9d21c791ecbae8c082a10c74f0ad9ace364d10e90058e3c73c574838"
  }
}
